
Microsoft Visual Studio Solution File, Format Version 12.00
# Visual Studio Version 17
VisualStudioVersion = 17.8.34316.72
MinimumVisualStudioVersion = 10.0.40219.1
Project("{FAE04EC0-301F-11D3-BF4B-00C04F79EFBC}") = "MeshoptimizerSharp", "MeshoptimizerSharp\MeshoptimizerSharp.csproj", "{9E026E91-764E-45E6-AA21-1D0F7CFA048B}"
EndProject
Global
	GlobalSection(SolutionConfigurationPlatforms) = preSolution
		Debug|Any CPU = Debug|Any CPU
		Release|Any CPU = Release|Any CPU
	EndGlobalSection
	GlobalSection(ProjectConfigurationPlatforms) = postSolution
		{9E026E91-764E-45E6-AA21-1D0F7CFA048B}.Debug|Any CPU.ActiveCfg = Debug|Any CPU
		{9E026E91-764E-45E6-AA21-1D0F7CFA048B}.Debug|Any CPU.Build.0 = Debug|Any CPU
		{9E026E91-764E-45E6-AA21-1D0F7CFA048B}.Release|Any CPU.ActiveCfg = Release|Any CPU
		{9E026E91-764E-45E6-AA21-1D0F7CFA048B}.Release|Any CPU.Build.0 = Release|Any CPU
	EndGlobalSection
	GlobalSection(SolutionProperties) = preSolution
		HideSolutionNode = FALSE
	EndGlobalSection
	GlobalSection(ExtensibilityGlobals) = postSolution
		SolutionGuid = {AB85253C-A5C4-40E1-81F2-D3E1C7016610}
	EndGlobalSection
EndGlobal
